// !$*UTF8*$!
{
	archiveVersion = 1;
	classes = {
	};
	objectVersion = 46;
	objects = {

/* Begin PBXBuildFile section */
		7B2936A6195387CC000BE184 /* gbcamconv.c in Sources */ = {isa = PBXBuildFile; fileRef = 7B2936A5195387CC000BE184 /* gbcamconv.c */; };
		7B2936AF19538B6E000BE184 /* libpng16.16.dylib in Frameworks */ = {isa = PBXBuildFile; fileRef = 7B2936AE19538B6E000BE184 /* libpng16.16.dylib */; };
/* End PBXBuildFile section */

/* Begin PBXCopyFilesBuildPhase section */
		7B2936A0195387CC000BE184 /* CopyFiles */ = {
			isa = PBXCopyFilesBuildPhase;
			buildActionMask = 2147483647;
			dstPath = /usr/share/man/man1/;
			dstSubfolderSpec = 0;
			files = (
			);
			runOnlyForDeploymentPostprocessing = 1;
		};
/* End PBXCopyFilesBuildPhase section */

/* Begin PBXFileReference section */
		1E13CE5C8F89E01183A0F3ED /* README.md */ = {isa = PBXFileReference; lastKnownFileType = file.md; path = README.md; sourceTree = "<group>"; };
		7B2936A2195387CC000BE184 /* gbcamconv */ = {isa = PBXFileReference; explicitFileType = "compiled.mach-o.executable"; includeInIndex = 0; path = gbcamconv; sourceTree = BUILT_PRODUCTS_DIR; };
		7B2936A5195387CC000BE184 /* gbcamconv.c */ = {isa = PBXFileReference; lastKnownFileType = sourcecode.c.c; path = gbcamconv.c; sourceTree = "<group>"; };
		7B2936AE19538B6E000BE184 /* libpng16.16.dylib */ = {isa = PBXFileReference; lastKnownFileType = "compiled.mach-o.dylib"; name = libpng16.16.dylib; path = ../../../../../../opt/local/lib/libpng16.16.dylib; sourceTree = "<group>"; };
/* End PBXFileReference section */

/* Begin PBXFrameworksBuildPhase section */
		7B29369F195387CC000BE184 /* Frameworks */ = {
			isa = PBXFrameworksBuildPhase;
			buildActionMask = 2147483647;
			files = (
				7B2936AF19538B6E000BE184 /* libpng16.16.dylib in Frameworks */,
			);
			runOnlyForDeploymentPostprocessing = 0;
		};
/* End PBXFrameworksBuildPhase section */

/* Begin PBXGroup section */
		7B293699195387CC000BE184 = {
			isa = PBXGroup;
			children = (
				7B2936AE19538B6E000BE184 /* libpng16.16.dylib */,
				7B2936A4195387CC000BE184 /* gbcamconv */,
				7B2936A3195387CC000BE184 /* Products */,
				1E13CE5C8F89E01183A0F3ED /* README.md */,
			);
			sourceTree = "<group>";
		};
		7B2936A3195387CC000BE184 /* Products */ = {
			isa = PBXGroup;
			children = (
				7B2936A2195387CC000BE184 /* gbcamconv */,
			);
			name = Products;
			sourceTree = "<group>";
		};
		7B2936A4195387CC000BE184 /* gbcamconv */ = {
			isa = PBXGroup;
			children = (
				7B2936A5195387CC000BE184 /* gbcamconv.c */,
			);
			path = gbcamconv;
			sourceTree = "<group>";
		};
/* End PBXGroup section */

/* Begin PBXNativeTarget section */
		7B2936A1195387CC000BE184 /* gbcamconv */ = {
			isa = PBXNativeTarget;
			buildConfigurationList = 7B2936AB195387CC000BE184 /* Build configuration list for PBXNativeTarget "gbcamconv" */;
			buildPhases = (
				7B29369E195387CC000BE184 /* Sources */,
				7B29369F195387CC000BE184 /* Frameworks */,
				7B2936A0195387CC000BE184 /* CopyFiles */,
			);
			buildRules = (
			);
			dependencies = (
			);
			name = gbcamconv;
			productName = gbcamconv;
			productReference = 7B2936A2195387CC000BE184 /* gbcamconv */;
			productType = "com.apple.product-type.tool";
		};
/* End PBXNativeTarget section */

/* Begin PBXProject section */
		7B29369A195387CC000BE184 /* Project object */ = {
			isa = PBXProject;
			attributes = {
				LastUpgradeCheck = 0510;
			};
			buildConfigurationList = 7B29369D195387CC000BE184 /* Build configuration list for PBXProject "gbcamconv" */;
			compatibilityVersion = "Xcode 3.2";
			developmentRegion = English;
			hasScannedForEncodings = 0;
			knownRegions = (
				en,
			);
			mainGroup = 7B293699195387CC000BE184;
			productRefGroup = 7B2936A3195387CC000BE184 /* Products */;
			projectDirPath = "";
			projectRoot = "";
			targets = (
				7B2936A1195387CC000BE184 /* gbcamconv */,
			);
		};
/* End PBXProject section */

/* Begin PBXSourcesBuildPhase section */
		7B29369E195387CC000BE184 /* Sources */ = {
			isa = PBXSourcesBuildPhase;
			buildActionMask = 2147483647;
			files = (
				7B2936A6195387CC000BE184 /* gbcamconv.c in Sources */,
			);
			runOnlyForDeploymentPostprocessing = 0;
		};
/* End PBXSourcesBuildPhase section */

/* Begin XCBuildConfiguration section */
		7B2936A9195387CC000BE184 /* Debug */ = {
			isa = XCBuildConfiguration;
			buildSettings = {
				ALWAYS_SEARCH_USER_PATHS = NO;
				CLANG_CXX_LANGUAGE_STANDARD = "gnu++0x";
				CLANG_CXX_LIBRARY = "libc++";
				CLANG_ENABLE_MODULES = YES;
				CLANG_ENABLE_OBJC_ARC = YES;
				CLANG_WARN_BOOL_CONVERSION = YES;
				CLANG_WARN_CONSTANT_CONVERSION = YES;
				CLANG_WARN_DIRECT_OBJC_ISA_USAGE = YES_ERROR;
				CLANG_WARN_EMPTY_BODY = YES;
				CLANG_WARN_ENUM_CONVERSION = YES;
				CLANG_WARN_INT_CONVERSION = YES;
				CLANG_WARN_OBJC_ROOT_CLASS = YES_ERROR;
				CLANG_WARN__DUPLICATE_METHOD_MATCH = YES;
				COPY_PHASE_STRIP = NO;
				GCC_C_LANGUAGE_STANDARD = gnu99;
				GCC_DYNAMIC_NO_PIC = NO;
				GCC_ENABLE_OBJC_EXCEPTIONS = YES;
				GCC_OPTIMIZATION_LEVEL = 0;
				GCC_PREPROCESSOR_DEFINITIONS = (
					"DEBUG=1",
					"$(inherited)",
				);
				GCC_SYMBOLS_PRIVATE_EXTERN = NO;
				GCC_WARN_64_TO_32_BIT_CONVERSION = YES;
				GCC_WARN_ABOUT_RETURN_TYPE = YES_ERROR;
				GCC_WARN_UNDECLARED_SELECTOR = YES;
				GCC_WARN_UNINITIALIZED_AUTOS = YES_AGGRESSIVE;
				GCC_WARN_UNUSED_FUNCTION = YES;
				GCC_WARN_UNUSED_VARIABLE = YES;
				MACOSX_DEPLOYMENT_TARGET = 10.9;
				ONLY_ACTIVE_ARCH = YES;
				SDKROOT = macosx;
			};
			name = Debug;
		};
		7B2936AA195387CC000BE184 /* Release */ = {
			isa = XCBuildConfiguration;
			buildSettings = {
				ALWAYS_SEARCH_USER_PATHS = NO;
				CLANG_CXX_LANGUAGE_STANDARD = "gnu++0x";
				CLANG_CXX_LIBRARY = "libc++";
				CLANG_ENABLE_MODULES = YES;
				CLANG_ENABLE_OBJC_ARC = YES;
				CLANG_WARN_BOOL_CONVERSION = YES;
				CLANG_WARN_CONSTANT_CONVERSION = YES;
				CLANG_WARN_DIRECT_OBJC_ISA_USAGE = YES_ERROR;
				CLANG_WARN_EMPTY_BODY = YES;
				CLANG_WARN_ENUM_CONVERSION = YES;
				CLANG_WARN_INT_CONVERSION = YES;
				CLANG_WARN_OBJC_ROOT_CLASS = YES_ERROR;
				CLANG_WARN__DUPLICATE_METHOD_MATCH = YES;
				COPY_PHASE_STRIP = YES;
				DEBUG_INFORMATION_FORMAT = "dwarf-with-dsym";
				ENABLE_NS_ASSERTIONS = NO;
				GCC_C_LANGUAGE_STANDARD = gnu99;
				GCC_ENABLE_OBJC_EXCEPTIONS = YES;
				GCC_WARN_64_TO_32_BIT_CONVERSION = YES;
				GCC_WARN_ABOUT_RETURN_TYPE = YES_ERROR;
				GCC_WARN_UNDECLARED_SELECTOR = YES;
				GCC_WARN_UNINITIALIZED_AUTOS = YES_AGGRESSIVE;
				GCC_WARN_UNUSED_FUNCTION = YES;
				GCC_WARN_UNUSED_VARIABLE = YES;
				MACOSX_DEPLOYMENT_TARGET = 10.9;
				SDKROOT = macosx;
			};
			name = Release;
		};
		7B2936AC195387CC000BE184 /* Debug */ = {
			isa = XCBuildConfiguration;
			buildSettings = {
				HEADER_SEARCH_PATHS = (
					"$(inherited)",
					/Applications/Xcode.app/Contents/Developer/Toolchains/XcodeDefault.xctoolchain/usr/include,
					/opt/local/include/libpng16,
				);
				LIBRARY_SEARCH_PATHS = (
					"$(inherited)",
					/opt/local/lib,
				);
				PRODUCT_NAME = "$(TARGET_NAME)";
				USER_HEADER_SEARCH_PATHS = "";
			};
			name = Debug;
		};
		7B2936AD195387CC000BE184 /* Release */ = {
			isa = XCBuildConfiguration;
			buildSettings = {
				HEADER_SEARCH_PATHS = (
					"$(inherited)",
					/Applications/Xcode.app/Contents/Developer/Toolchains/XcodeDefault.xctoolchain/usr/include,
					/opt/local/include/libpng16,
				);
				LIBRARY_SEARCH_PATHS = (
					"$(inherited)",
					/opt/local/lib,
				);
				PRODUCT_NAME = "$(TARGET_NAME)";
				USER_HEADER_SEARCH_PATHS = "";
			};
			name = Release;
		};
/* End XCBuildConfiguration section */

/* Begin XCConfigurationList section */
		7B29369D195387CC000BE184 /* Build configuration list for PBXProject "gbcamconv" */ = {
			isa = XCConfigurationList;
			buildConfigurations = (
				7B2936A9195387CC000BE184 /* Debug */,
				7B2936AA195387CC000BE184 /* Release */,
			);
			defaultConfigurationIsVisible = 0;
			defaultConfigurationName = Release;
		};
		7B2936AB195387CC000BE184 /* Build configuration list for PBXNativeTarget "gbcamconv" */ = {
			isa = XCConfigurationList;
			buildConfigurations = (
				7B2936AC195387CC000BE184 /* Debug */,
				7B2936AD195387CC000BE184 /* Release */,
			);
			defaultConfigurationIsVisible = 0;
			defaultConfigurationName = Release;
		};
/* End XCConfigurationList section */
	};
	rootObject = 7B29369A195387CC000BE184 /* Project object */;
}
